// !$*UTF8*$!
{
	archiveVersion = 1;
	classes = {
	};
	objectVersion = 55;
	objects = {

/* Begin PBXBuildFile section */
		3DB3B719DD46F28704293B2D /* Pods_StationsTests.framework in Frameworks */ = {isa = PBXBuildFile; fileRef = AF2F9EA6CFEB048544293107 /* Pods_StationsTests.framework */; };
		4876F5C31B25F06B0F898EE8 /* Pods_Stations_StationsUITests.framework in Frameworks */ = {isa = PBXBuildFile; fileRef = 9E14DD12C556A7AD0AFC3D1E /* Pods_Stations_StationsUITests.framework */; };
		BF05A14129F820BD00C681E6 /* MapStyle.json in Resources */ = {isa = PBXBuildFile; fileRef = BF05A14029F820BD00C681E6 /* MapStyle.json */; };
		BF05A14429F82F7200C681E6 /* TripListHeaderCell.swift in Sources */ = {isa = PBXBuildFile; fileRef = BF05A14229F82F7200C681E6 /* TripListHeaderCell.swift */; };
		BF05A14529F82F7200C681E6 /* TripListHeaderCell.xib in Resources */ = {isa = PBXBuildFile; fileRef = BF05A14329F82F7200C681E6 /* TripListHeaderCell.xib */; };
		BF7EE3BF29F6990000BA77E6 /* AppDelegate.swift in Sources */ = {isa = PBXBuildFile; fileRef = BF7EE3BE29F6990000BA77E6 /* AppDelegate.swift */; };
		BF7EE3C129F6990000BA77E6 /* SceneDelegate.swift in Sources */ = {isa = PBXBuildFile; fileRef = BF7EE3C029F6990000BA77E6 /* SceneDelegate.swift */; };
		BF7EE3C329F6990000BA77E6 /* MapViewController.swift in Sources */ = {isa = PBXBuildFile; fileRef = BF7EE3C229F6990000BA77E6 /* MapViewController.swift */; };
		BF7EE3C829F6990100BA77E6 /* Assets.xcassets in Resources */ = {isa = PBXBuildFile; fileRef = BF7EE3C729F6990100BA77E6 /* Assets.xcassets */; };
		BF7EE3CB29F6990100BA77E6 /* LaunchScreen.storyboard in Resources */ = {isa = PBXBuildFile; fileRef = BF7EE3C929F6990100BA77E6 /* LaunchScreen.storyboard */; };
		BF7EE3D629F6990100BA77E6 /* StationsTests.swift in Sources */ = {isa = PBXBuildFile; fileRef = BF7EE3D529F6990100BA77E6 /* StationsTests.swift */; };
		BF7EE3E029F6990100BA77E6 /* StationsUITests.swift in Sources */ = {isa = PBXBuildFile; fileRef = BF7EE3DF29F6990100BA77E6 /* StationsUITests.swift */; };
		BF7EE3E229F6990100BA77E6 /* StationsUITestsLaunchTests.swift in Sources */ = {isa = PBXBuildFile; fileRef = BF7EE3E129F6990100BA77E6 /* StationsUITestsLaunchTests.swift */; };
		BF7EE3EF29F6AA0D00BA77E6 /* ViewControllerMaker.swift in Sources */ = {isa = PBXBuildFile; fileRef = BF7EE3EE29F6AA0D00BA77E6 /* ViewControllerMaker.swift */; };
		BF8E997829F8464800D743B0 /* TripListHeaderCellViewModel.swift in Sources */ = {isa = PBXBuildFile; fileRef = BF8E997729F8464800D743B0 /* TripListHeaderCellViewModel.swift */; };
		BF8E997A29F84F5800D743B0 /* TripListParser.swift in Sources */ = {isa = PBXBuildFile; fileRef = BF8E997929F84F5800D743B0 /* TripListParser.swift */; };
		BF8E997C29F8663000D743B0 /* MapViewController+GMSHelpers.swift in Sources */ = {isa = PBXBuildFile; fileRef = BF8E997B29F8663000D743B0 /* MapViewController+GMSHelpers.swift */; };
		BF8E997E29F8671300D743B0 /* MapViewController+LocationHelpers.swift in Sources */ = {isa = PBXBuildFile; fileRef = BF8E997D29F8671300D743B0 /* MapViewController+LocationHelpers.swift */; };
		BF9E002129F6C93100C9A20D /* CustomAlertView.swift in Sources */ = {isa = PBXBuildFile; fileRef = BF9E002029F6C93100C9A20D /* CustomAlertView.swift */; };
		BF9E002329F6C95F00C9A20D /* AlertItem.swift in Sources */ = {isa = PBXBuildFile; fileRef = BF9E002229F6C95F00C9A20D /* AlertItem.swift */; };
		BF9E002529F6CA6900C9A20D /* MapViewController+Setup.swift in Sources */ = {isa = PBXBuildFile; fileRef = BF9E002429F6CA6900C9A20D /* MapViewController+Setup.swift */; };
		BF9E002729F6CA7400C9A20D /* MapViewController+Bindings.swift in Sources */ = {isa = PBXBuildFile; fileRef = BF9E002629F6CA7400C9A20D /* MapViewController+Bindings.swift */; };
		BF9E002929F6CAD000C9A20D /* TypeAliases.swift in Sources */ = {isa = PBXBuildFile; fileRef = BF9E002829F6CAD000C9A20D /* TypeAliases.swift */; };
		BF9E003029F6CD8D00C9A20D /* Station.swift in Sources */ = {isa = PBXBuildFile; fileRef = BF9E002F29F6CD8D00C9A20D /* Station.swift */; };
		BF9E003229F6CDBA00C9A20D /* Trip.swift in Sources */ = {isa = PBXBuildFile; fileRef = BF9E003129F6CDBA00C9A20D /* Trip.swift */; };
		BF9E003C29F6D14B00C9A20D /* TripListViewController.swift in Sources */ = {isa = PBXBuildFile; fileRef = BF9E003B29F6D14B00C9A20D /* TripListViewController.swift */; };
		BF9E003F29F6D1A700C9A20D /* Constants.swift in Sources */ = {isa = PBXBuildFile; fileRef = BF9E003E29F6D1A700C9A20D /* Constants.swift */; };
		BFB9374B29F707BE00B4DDE1 /* StationsAPI.swift in Sources */ = {isa = PBXBuildFile; fileRef = BFB9374A29F707BE00B4DDE1 /* StationsAPI.swift */; };
		BFB9374D29F707D100B4DDE1 /* StationsAPIProvider.swift in Sources */ = {isa = PBXBuildFile; fileRef = BFB9374C29F707D100B4DDE1 /* StationsAPIProvider.swift */; };
		BFB9374F29F708DE00B4DDE1 /* MapNetworkManager.swift in Sources */ = {isa = PBXBuildFile; fileRef = BFB9374E29F708DE00B4DDE1 /* MapNetworkManager.swift */; };
		BFB9375229F7091D00B4DDE1 /* BaseNetworkManagerProtocol.swift in Sources */ = {isa = PBXBuildFile; fileRef = BFB9375129F7091D00B4DDE1 /* BaseNetworkManagerProtocol.swift */; };
		BFB9375429F7185D00B4DDE1 /* MapMainViewModel.swift in Sources */ = {isa = PBXBuildFile; fileRef = BFB9375329F7185D00B4DDE1 /* MapMainViewModel.swift */; };
		BFB9375629F719A400B4DDE1 /* MapManager.swift in Sources */ = {isa = PBXBuildFile; fileRef = BFB9375529F719A400B4DDE1 /* MapManager.swift */; };
		BFB9375829F7266100B4DDE1 /* TripListMainViewModel.swift in Sources */ = {isa = PBXBuildFile; fileRef = BFB9375729F7266100B4DDE1 /* TripListMainViewModel.swift */; };
		BFB9375B29F726A200B4DDE1 /* MapRouter.swift in Sources */ = {isa = PBXBuildFile; fileRef = BFB9375A29F726A200B4DDE1 /* MapRouter.swift */; };
		BFB9375D29F726DF00B4DDE1 /* BaseRouterProtocol.swift in Sources */ = {isa = PBXBuildFile; fileRef = BFB9375C29F726DF00B4DDE1 /* BaseRouterProtocol.swift */; };
		BFB9375F29F7275000B4DDE1 /* BaseRouter.swift in Sources */ = {isa = PBXBuildFile; fileRef = BFB9375E29F7275000B4DDE1 /* BaseRouter.swift */; };
		BFB9376129F72C8400B4DDE1 /* TripListRouter.swift in Sources */ = {isa = PBXBuildFile; fileRef = BFB9376029F72C8400B4DDE1 /* TripListRouter.swift */; };
		BFB9376329F72C8D00B4DDE1 /* TripListManager.swift in Sources */ = {isa = PBXBuildFile; fileRef = BFB9376229F72C8D00B4DDE1 /* TripListManager.swift */; };
		BFB9376529F72CA000B4DDE1 /* TripListNetworkManager.swift in Sources */ = {isa = PBXBuildFile; fileRef = BFB9376429F72CA000B4DDE1 /* TripListNetworkManager.swift */; };
		BFB9376729F72FD500B4DDE1 /* TripListViewController+Setup.swift in Sources */ = {isa = PBXBuildFile; fileRef = BFB9376629F72FD500B4DDE1 /* TripListViewController+Setup.swift */; };
		BFB9376929F72FEA00B4DDE1 /* TripListViewController+Bindings.swift in Sources */ = {isa = PBXBuildFile; fileRef = BFB9376829F72FEA00B4DDE1 /* TripListViewController+Bindings.swift */; };
		BFB9376C29F7325C00B4DDE1 /* TripListCellType.swift in Sources */ = {isa = PBXBuildFile; fileRef = BFB9376B29F7325C00B4DDE1 /* TripListCellType.swift */; };
		BFB9376E29F735B300B4DDE1 /* TripListDataSource.swift in Sources */ = {isa = PBXBuildFile; fileRef = BFB9376D29F735B300B4DDE1 /* TripListDataSource.swift */; };
		BFB9377029F7382A00B4DDE1 /* TripListViewController+TableViewDelegate.swift in Sources */ = {isa = PBXBuildFile; fileRef = BFB9376F29F7382A00B4DDE1 /* TripListViewController+TableViewDelegate.swift */; };
		BFB9377229F738DF00B4DDE1 /* TripListBaseTableViewCell.swift in Sources */ = {isa = PBXBuildFile; fileRef = BFB9377129F738DF00B4DDE1 /* TripListBaseTableViewCell.swift */; };
		BFB9377529F7390300B4DDE1 /* TripListTripCell.swift in Sources */ = {isa = PBXBuildFile; fileRef = BFB9377329F7390300B4DDE1 /* TripListTripCell.swift */; };
		BFB9377629F7390300B4DDE1 /* TripListTripCell.xib in Resources */ = {isa = PBXBuildFile; fileRef = BFB9377429F7390300B4DDE1 /* TripListTripCell.xib */; };
		BFB9377829F73B7F00B4DDE1 /* TripListBaseCellViewModel.swift in Sources */ = {isa = PBXBuildFile; fileRef = BFB9377729F73B7F00B4DDE1 /* TripListBaseCellViewModel.swift */; };
		BFB9377A29F73D2C00B4DDE1 /* TripListTripCellViewModel.swift in Sources */ = {isa = PBXBuildFile; fileRef = BFB9377929F73D2C00B4DDE1 /* TripListTripCellViewModel.swift */; };
		FEE813F5E25F6A5C71FF7CC7 /* Pods_Stations.framework in Frameworks */ = {isa = PBXBuildFile; fileRef = 3AE77CB671F4DD930264E710 /* Pods_Stations.framework */; };
/* End PBXBuildFile section */

/* Begin PBXContainerItemProxy section */
		BF7EE3D229F6990100BA77E6 /* PBXContainerItemProxy */ = {
			isa = PBXContainerItemProxy;
			containerPortal = BF7EE3B329F6990000BA77E6 /* Project object */;
			proxyType = 1;
			remoteGlobalIDString = BF7EE3BA29F6990000BA77E6;
			remoteInfo = Stations;
		};
		BF7EE3DC29F6990100BA77E6 /* PBXContainerItemProxy */ = {
			isa = PBXContainerItemProxy;
			containerPortal = BF7EE3B329F6990000BA77E6 /* Project object */;
			proxyType = 1;
			remoteGlobalIDString = BF7EE3BA29F6990000BA77E6;
			remoteInfo = Stations;
		};
/* End PBXContainerItemProxy section */

/* Begin PBXFileReference section */
		051184D6A7B96DBC07DBA9BF /* Pods-Stations-StationsUITests.debug.xcconfig */ = {isa = PBXFileReference; includeInIndex = 1; lastKnownFileType = text.xcconfig; name = "Pods-Stations-StationsUITests.debug.xcconfig"; path = "Target Support Files/Pods-Stations-StationsUITests/Pods-Stations-StationsUITests.debug.xcconfig"; sourceTree = "<group>"; };
		1F14DA8E25A8896B79D608DC /* Pods-StationsTests.release.xcconfig */ = {isa = PBXFileReference; includeInIndex = 1; lastKnownFileType = text.xcconfig; name = "Pods-StationsTests.release.xcconfig"; path = "Target Support Files/Pods-StationsTests/Pods-StationsTests.release.xcconfig"; sourceTree = "<group>"; };
		3AE77CB671F4DD930264E710 /* Pods_Stations.framework */ = {isa = PBXFileReference; explicitFileType = wrapper.framework; includeInIndex = 0; path = Pods_Stations.framework; sourceTree = BUILT_PRODUCTS_DIR; };
		48B01A83B00E18C49E47125E /* Pods-Stations.release.xcconfig */ = {isa = PBXFileReference; includeInIndex = 1; lastKnownFileType = text.xcconfig; name = "Pods-Stations.release.xcconfig"; path = "Target Support Files/Pods-Stations/Pods-Stations.release.xcconfig"; sourceTree = "<group>"; };
		6986A80314C6249877C13B25 /* Pods-Stations-StationsUITests.release.xcconfig */ = {isa = PBXFileReference; includeInIndex = 1; lastKnownFileType = text.xcconfig; name = "Pods-Stations-StationsUITests.release.xcconfig"; path = "Target Support Files/Pods-Stations-StationsUITests/Pods-Stations-StationsUITests.release.xcconfig"; sourceTree = "<group>"; };
		9E14DD12C556A7AD0AFC3D1E /* Pods_Stations_StationsUITests.framework */ = {isa = PBXFileReference; explicitFileType = wrapper.framework; includeInIndex = 0; path = Pods_Stations_StationsUITests.framework; sourceTree = BUILT_PRODUCTS_DIR; };
		AF2F9EA6CFEB048544293107 /* Pods_StationsTests.framework */ = {isa = PBXFileReference; explicitFileType = wrapper.framework; includeInIndex = 0; path = Pods_StationsTests.framework; sourceTree = BUILT_PRODUCTS_DIR; };
		BF05A14029F820BD00C681E6 /* MapStyle.json */ = {isa = PBXFileReference; lastKnownFileType = text.json; path = MapStyle.json; sourceTree = "<group>"; };
		BF05A14229F82F7200C681E6 /* TripListHeaderCell.swift */ = {isa = PBXFileReference; lastKnownFileType = sourcecode.swift; path = TripListHeaderCell.swift; sourceTree = "<group>"; };
		BF05A14329F82F7200C681E6 /* TripListHeaderCell.xib */ = {isa = PBXFileReference; lastKnownFileType = file.xib; path = TripListHeaderCell.xib; sourceTree = "<group>"; };
		BF167F4929F88F29002E6FB9 /* README.md */ = {isa = PBXFileReference; lastKnownFileType = net.daringfireball.markdown; path = README.md; sourceTree = "<group>"; };
		BF574B15ED5D38ADC008CCD1 /* Pods-StationsTests.debug.xcconfig */ = {isa = PBXFileReference; includeInIndex = 1; lastKnownFileType = text.xcconfig; name = "Pods-StationsTests.debug.xcconfig"; path = "Target Support Files/Pods-StationsTests/Pods-StationsTests.debug.xcconfig"; sourceTree = "<group>"; };
		BF7EE3BB29F6990000BA77E6 /* Stations.app */ = {isa = PBXFileReference; explicitFileType = wrapper.application; includeInIndex = 0; path = Stations.app; sourceTree = BUILT_PRODUCTS_DIR; };
		BF7EE3BE29F6990000BA77E6 /* AppDelegate.swift */ = {isa = PBXFileReference; lastKnownFileType = sourcecode.swift; path = AppDelegate.swift; sourceTree = "<group>"; };
		BF7EE3C029F6990000BA77E6 /* SceneDelegate.swift */ = {isa = PBXFileReference; lastKnownFileType = sourcecode.swift; path = SceneDelegate.swift; sourceTree = "<group>"; };
		BF7EE3C229F6990000BA77E6 /* MapViewController.swift */ = {isa = PBXFileReference; lastKnownFileType = sourcecode.swift; path = MapViewController.swift; sourceTree = "<group>"; };
		BF7EE3C729F6990100BA77E6 /* Assets.xcassets */ = {isa = PBXFileReference; lastKnownFileType = folder.assetcatalog; path = Assets.xcassets; sourceTree = "<group>"; };
		BF7EE3CA29F6990100BA77E6 /* Base */ = {isa = PBXFileReference; lastKnownFileType = file.storyboard; name = Base; path = Base.lproj/LaunchScreen.storyboard; sourceTree = "<group>"; };
		BF7EE3CC29F6990100BA77E6 /* Info.plist */ = {isa = PBXFileReference; lastKnownFileType = text.plist.xml; path = Info.plist; sourceTree = "<group>"; };
		BF7EE3D129F6990100BA77E6 /* StationsTests.xctest */ = {isa = PBXFileReference; explicitFileType = wrapper.cfbundle; includeInIndex = 0; path = StationsTests.xctest; sourceTree = BUILT_PRODUCTS_DIR; };
		BF7EE3D529F6990100BA77E6 /* StationsTests.swift */ = {isa = PBXFileReference; lastKnownFileType = sourcecode.swift; path = StationsTests.swift; sourceTree = "<group>"; };
		BF7EE3DB29F6990100BA77E6 /* StationsUITests.xctest */ = {isa = PBXFileReference; explicitFileType = wrapper.cfbundle; includeInIndex = 0; path = StationsUITests.xctest; sourceTree = BUILT_PRODUCTS_DIR; };
		BF7EE3DF29F6990100BA77E6 /* StationsUITests.swift */ = {isa = PBXFileReference; lastKnownFileType = sourcecode.swift; path = StationsUITests.swift; sourceTree = "<group>"; };
		BF7EE3E129F6990100BA77E6 /* StationsUITestsLaunchTests.swift */ = {isa = PBXFileReference; lastKnownFileType = sourcecode.swift; path = StationsUITestsLaunchTests.swift; sourceTree = "<group>"; };
		BF7EE3EE29F6AA0D00BA77E6 /* ViewControllerMaker.swift */ = {isa = PBXFileReference; lastKnownFileType = sourcecode.swift; path = ViewControllerMaker.swift; sourceTree = "<group>"; };
		BF8E997729F8464800D743B0 /* TripListHeaderCellViewModel.swift */ = {isa = PBXFileReference; lastKnownFileType = sourcecode.swift; path = TripListHeaderCellViewModel.swift; sourceTree = "<group>"; };
		BF8E997929F84F5800D743B0 /* TripListParser.swift */ = {isa = PBXFileReference; lastKnownFileType = sourcecode.swift; path = TripListParser.swift; sourceTree = "<group>"; };
		BF8E997B29F8663000D743B0 /* MapViewController+GMSHelpers.swift */ = {isa = PBXFileReference; lastKnownFileType = sourcecode.swift; path = "MapViewController+GMSHelpers.swift"; sourceTree = "<group>"; };
		BF8E997D29F8671300D743B0 /* MapViewController+LocationHelpers.swift */ = {isa = PBXFileReference; lastKnownFileType = sourcecode.swift; path = "MapViewController+LocationHelpers.swift"; sourceTree = "<group>"; };
		BF9E002029F6C93100C9A20D /* CustomAlertView.swift */ = {isa = PBXFileReference; lastKnownFileType = sourcecode.swift; path = CustomAlertView.swift; sourceTree = "<group>"; };
		BF9E002229F6C95F00C9A20D /* AlertItem.swift */ = {isa = PBXFileReference; lastKnownFileType = sourcecode.swift; path = AlertItem.swift; sourceTree = "<group>"; };
		BF9E002429F6CA6900C9A20D /* MapViewController+Setup.swift */ = {isa = PBXFileReference; lastKnownFileType = sourcecode.swift; path = "MapViewController+Setup.swift"; sourceTree = "<group>"; };
		BF9E002629F6CA7400C9A20D /* MapViewController+Bindings.swift */ = {isa = PBXFileReference; lastKnownFileType = sourcecode.swift; path = "MapViewController+Bindings.swift"; sourceTree = "<group>"; };
		BF9E002829F6CAD000C9A20D /* TypeAliases.swift */ = {isa = PBXFileReference; lastKnownFileType = sourcecode.swift; path = TypeAliases.swift; sourceTree = "<group>"; };
		BF9E002F29F6CD8D00C9A20D /* Station.swift */ = {isa = PBXFileReference; lastKnownFileType = sourcecode.swift; path = Station.swift; sourceTree = "<group>"; };
		BF9E003129F6CDBA00C9A20D /* Trip.swift */ = {isa = PBXFileReference; lastKnownFileType = sourcecode.swift; path = Trip.swift; sourceTree = "<group>"; };
		BF9E003B29F6D14B00C9A20D /* TripListViewController.swift */ = {isa = PBXFileReference; lastKnownFileType = sourcecode.swift; path = TripListViewController.swift; sourceTree = "<group>"; };
		BF9E003E29F6D1A700C9A20D /* Constants.swift */ = {isa = PBXFileReference; lastKnownFileType = sourcecode.swift; path = Constants.swift; sourceTree = "<group>"; };
		BFB9374A29F707BE00B4DDE1 /* StationsAPI.swift */ = {isa = PBXFileReference; lastKnownFileType = sourcecode.swift; path = StationsAPI.swift; sourceTree = "<group>"; };
		BFB9374C29F707D100B4DDE1 /* StationsAPIProvider.swift */ = {isa = PBXFileReference; lastKnownFileType = sourcecode.swift; path = StationsAPIProvider.swift; sourceTree = "<group>"; };
		BFB9374E29F708DE00B4DDE1 /* MapNetworkManager.swift */ = {isa = PBXFileReference; lastKnownFileType = sourcecode.swift; path = MapNetworkManager.swift; sourceTree = "<group>"; };
		BFB9375129F7091D00B4DDE1 /* BaseNetworkManagerProtocol.swift */ = {isa = PBXFileReference; lastKnownFileType = sourcecode.swift; path = BaseNetworkManagerProtocol.swift; sourceTree = "<group>"; };
		BFB9375329F7185D00B4DDE1 /* MapMainViewModel.swift */ = {isa = PBXFileReference; lastKnownFileType = sourcecode.swift; path = MapMainViewModel.swift; sourceTree = "<group>"; };
		BFB9375529F719A400B4DDE1 /* MapManager.swift */ = {isa = PBXFileReference; lastKnownFileType = sourcecode.swift; path = MapManager.swift; sourceTree = "<group>"; };
		BFB9375729F7266100B4DDE1 /* TripListMainViewModel.swift */ = {isa = PBXFileReference; lastKnownFileType = sourcecode.swift; path = TripListMainViewModel.swift; sourceTree = "<group>"; };
		BFB9375A29F726A200B4DDE1 /* MapRouter.swift */ = {isa = PBXFileReference; lastKnownFileType = sourcecode.swift; path = MapRouter.swift; sourceTree = "<group>"; };
		BFB9375C29F726DF00B4DDE1 /* BaseRouterProtocol.swift */ = {isa = PBXFileReference; lastKnownFileType = sourcecode.swift; path = BaseRouterProtocol.swift; sourceTree = "<group>"; };
		BFB9375E29F7275000B4DDE1 /* BaseRouter.swift */ = {isa = PBXFileReference; lastKnownFileType = sourcecode.swift; path = BaseRouter.swift; sourceTree = "<group>"; };
		BFB9376029F72C8400B4DDE1 /* TripListRouter.swift */ = {isa = PBXFileReference; lastKnownFileType = sourcecode.swift; path = TripListRouter.swift; sourceTree = "<group>"; };
		BFB9376229F72C8D00B4DDE1 /* TripListManager.swift */ = {isa = PBXFileReference; lastKnownFileType = sourcecode.swift; path = TripListManager.swift; sourceTree = "<group>"; };
		BFB9376429F72CA000B4DDE1 /* TripListNetworkManager.swift */ = {isa = PBXFileReference; lastKnownFileType = sourcecode.swift; path = TripListNetworkManager.swift; sourceTree = "<group>"; };
		BFB9376629F72FD500B4DDE1 /* TripListViewController+Setup.swift */ = {isa = PBXFileReference; lastKnownFileType = sourcecode.swift; path = "TripListViewController+Setup.swift"; sourceTree = "<group>"; };
		BFB9376829F72FEA00B4DDE1 /* TripListViewController+Bindings.swift */ = {isa = PBXFileReference; lastKnownFileType = sourcecode.swift; path = "TripListViewController+Bindings.swift"; sourceTree = "<group>"; };
		BFB9376B29F7325C00B4DDE1 /* TripListCellType.swift */ = {isa = PBXFileReference; lastKnownFileType = sourcecode.swift; path = TripListCellType.swift; sourceTree = "<group>"; };
		BFB9376D29F735B300B4DDE1 /* TripListDataSource.swift */ = {isa = PBXFileReference; lastKnownFileType = sourcecode.swift; path = TripListDataSource.swift; sourceTree = "<group>"; };
		BFB9376F29F7382A00B4DDE1 /* TripListViewController+TableViewDelegate.swift */ = {isa = PBXFileReference; lastKnownFileType = sourcecode.swift; path = "TripListViewController+TableViewDelegate.swift"; sourceTree = "<group>"; };
		BFB9377129F738DF00B4DDE1 /* TripListBaseTableViewCell.swift */ = {isa = PBXFileReference; lastKnownFileType = sourcecode.swift; path = TripListBaseTableViewCell.swift; sourceTree = "<group>"; };
		BFB9377329F7390300B4DDE1 /* TripListTripCell.swift */ = {isa = PBXFileReference; lastKnownFileType = sourcecode.swift; path = TripListTripCell.swift; sourceTree = "<group>"; };
		BFB9377429F7390300B4DDE1 /* TripListTripCell.xib */ = {isa = PBXFileReference; lastKnownFileType = file.xib; path = TripListTripCell.xib; sourceTree = "<group>"; };
		BFB9377729F73B7F00B4DDE1 /* TripListBaseCellViewModel.swift */ = {isa = PBXFileReference; lastKnownFileType = sourcecode.swift; path = TripListBaseCellViewModel.swift; sourceTree = "<group>"; };
		BFB9377929F73D2C00B4DDE1 /* TripListTripCellViewModel.swift */ = {isa = PBXFileReference; lastKnownFileType = sourcecode.swift; path = TripListTripCellViewModel.swift; sourceTree = "<group>"; };
		E905922840762802173DCC41 /* Pods-Stations.debug.xcconfig */ = {isa = PBXFileReference; includeInIndex = 1; lastKnownFileType = text.xcconfig; name = "Pods-Stations.debug.xcconfig"; path = "Target Support Files/Pods-Stations/Pods-Stations.debug.xcconfig"; sourceTree = "<group>"; };
/* End PBXFileReference section */

/* Begin PBXFrameworksBuildPhase section */
		BF7EE3B829F6990000BA77E6 /* Frameworks */ = {
			isa = PBXFrameworksBuildPhase;
			buildActionMask = 2147483647;
			files = (
				FEE813F5E25F6A5C71FF7CC7 /* Pods_Stations.framework in Frameworks */,
			);
			runOnlyForDeploymentPostprocessing = 0;
		};
		BF7EE3CE29F6990100BA77E6 /* Frameworks */ = {
			isa = PBXFrameworksBuildPhase;
			buildActionMask = 2147483647;
			files = (
				3DB3B719DD46F28704293B2D /* Pods_StationsTests.framework in Frameworks */,
			);
			runOnlyForDeploymentPostprocessing = 0;
		};
		BF7EE3D829F6990100BA77E6 /* Frameworks */ = {
			isa = PBXFrameworksBuildPhase;
			buildActionMask = 2147483647;
			files = (
				4876F5C31B25F06B0F898EE8 /* Pods_Stations_StationsUITests.framework in Frameworks */,
			);
			runOnlyForDeploymentPostprocessing = 0;
		};
/* End PBXFrameworksBuildPhase section */

/* Begin PBXGroup section */
		200BBC03954432B5F4576FF4 /* Pods */ = {
			isa = PBXGroup;
			children = (
				E905922840762802173DCC41 /* Pods-Stations.debug.xcconfig */,
				48B01A83B00E18C49E47125E /* Pods-Stations.release.xcconfig */,
				051184D6A7B96DBC07DBA9BF /* Pods-Stations-StationsUITests.debug.xcconfig */,
				6986A80314C6249877C13B25 /* Pods-Stations-StationsUITests.release.xcconfig */,
				BF574B15ED5D38ADC008CCD1 /* Pods-StationsTests.debug.xcconfig */,
				1F14DA8E25A8896B79D608DC /* Pods-StationsTests.release.xcconfig */,
			);
			path = Pods;
			sourceTree = "<group>";
		};
		A4D7DB56C18480AA7E61F1F3 /* Frameworks */ = {
			isa = PBXGroup;
			children = (
				3AE77CB671F4DD930264E710 /* Pods_Stations.framework */,
				9E14DD12C556A7AD0AFC3D1E /* Pods_Stations_StationsUITests.framework */,
				AF2F9EA6CFEB048544293107 /* Pods_StationsTests.framework */,
			);
			name = Frameworks;
			sourceTree = "<group>";
		};
		BF167F4729F88E56002E6FB9 /* General */ = {
			isa = PBXGroup;
			children = (
				BFB9376B29F7325C00B4DDE1 /* TripListCellType.swift */,
			);
			path = General;
			sourceTree = "<group>";
		};
		BF167F4829F88E83002E6FB9 /* SupportingFiles */ = {
			isa = PBXGroup;
			children = (
				BF7EE3BE29F6990000BA77E6 /* AppDelegate.swift */,
				BF7EE3C029F6990000BA77E6 /* SceneDelegate.swift */,
				BF7EE3C729F6990100BA77E6 /* Assets.xcassets */,
				BF7EE3C929F6990100BA77E6 /* LaunchScreen.storyboard */,
				BF05A14029F820BD00C681E6 /* MapStyle.json */,
			);
			path = SupportingFiles;
			sourceTree = "<group>";
		};
		BF167F4A29F8A0A2002E6FB9 /* AlertView */ = {
			isa = PBXGroup;
			children = (
				BF9E002229F6C95F00C9A20D /* AlertItem.swift */,
				BF9E002029F6C93100C9A20D /* CustomAlertView.swift */,
			);
			path = AlertView;
			sourceTree = "<group>";
		};
		BF7EE3B229F6990000BA77E6 = {
			isa = PBXGroup;
			children = (
				BF167F4929F88F29002E6FB9 /* README.md */,
				BF7EE3BD29F6990000BA77E6 /* Stations */,
				BF7EE3D429F6990100BA77E6 /* StationsTests */,
				BF7EE3DE29F6990100BA77E6 /* StationsUITests */,
				BF7EE3BC29F6990000BA77E6 /* Products */,
				200BBC03954432B5F4576FF4 /* Pods */,
				A4D7DB56C18480AA7E61F1F3 /* Frameworks */,
			);
			sourceTree = "<group>";
		};
		BF7EE3BC29F6990000BA77E6 /* Products */ = {
			isa = PBXGroup;
			children = (
				BF7EE3BB29F6990000BA77E6 /* Stations.app */,
				BF7EE3D129F6990100BA77E6 /* StationsTests.xctest */,
				BF7EE3DB29F6990100BA77E6 /* StationsUITests.xctest */,
			);
			name = Products;
			sourceTree = "<group>";
		};
		BF7EE3BD29F6990000BA77E6 /* Stations */ = {
			isa = PBXGroup;
			children = (
				BF7EE3F129F6AB6800BA77E6 /* GeneralUsage */,
				BF7EE3F029F6AB5600BA77E6 /* Screens */,
				BF167F4829F88E83002E6FB9 /* SupportingFiles */,
				BF7EE3CC29F6990100BA77E6 /* Info.plist */,
			);
			path = Stations;
			sourceTree = "<group>";
		};
		BF7EE3D429F6990100BA77E6 /* StationsTests */ = {
			isa = PBXGroup;
			children = (
				BF7EE3D529F6990100BA77E6 /* StationsTests.swift */,
			);
			path = StationsTests;
			sourceTree = "<group>";
		};
		BF7EE3DE29F6990100BA77E6 /* StationsUITests */ = {
			isa = PBXGroup;
			children = (
				BF7EE3DF29F6990100BA77E6 /* StationsUITests.swift */,
				BF7EE3E129F6990100BA77E6 /* StationsUITestsLaunchTests.swift */,
			);
			path = StationsUITests;
			sourceTree = "<group>";
		};
		BF7EE3F029F6AB5600BA77E6 /* Screens */ = {
			isa = PBXGroup;
			children = (
				BF7EE3F329F6AB8600BA77E6 /* Map */,
				BF7EE3F229F6AB7900BA77E6 /* TripList */,
			);
			path = Screens;
			sourceTree = "<group>";
		};
		BF7EE3F129F6AB6800BA77E6 /* GeneralUsage */ = {
			isa = PBXGroup;
			children = (
				BFB9375029F7090B00B4DDE1 /* GeneralProtocols */,
				BF9E003D29F6D19B00C9A20D /* Helpers */,
				BF9E001F29F6C91D00C9A20D /* GeneralViews */,
				BF7EE3EE29F6AA0D00BA77E6 /* ViewControllerMaker.swift */,
			);
			path = GeneralUsage;
			sourceTree = "<group>";
		};
		BF7EE3F229F6AB7900BA77E6 /* TripList */ = {
			isa = PBXGroup;
			children = (
				BFB9376A29F7325200B4DDE1 /* Model */,
				BF9E003629F6D0AF00C9A20D /* GeneralOps */,
				BF9E003529F6D0A600C9A20D /* ViewModel */,
				BF9E003429F6D09C00C9A20D /* Views */,
			);
			path = TripList;
			sourceTree = "<group>";
		};
		BF7EE3F329F6AB8600BA77E6 /* Map */ = {
			isa = PBXGroup;
			children = (
				BF9E002D29F6CCC500C9A20D /* NetworkOps */,
				BF9E002C29F6CC9C00C9A20D /* GeneralOps */,
				BF9E002A29F6CC8900C9A20D /* Views */,
				BF9E002B29F6CC9400C9A20D /* ViewModel */,
				BF9E002E29F6CCCD00C9A20D /* Model */,
			);
			path = Map;
			sourceTree = "<group>";
		};
		BF9E001F29F6C91D00C9A20D /* GeneralViews */ = {
			isa = PBXGroup;
			children = (
				BF167F4A29F8A0A2002E6FB9 /* AlertView */,
				BFB9375E29F7275000B4DDE1 /* BaseRouter.swift */,
			);
			path = GeneralViews;
			sourceTree = "<group>";
		};
		BF9E002A29F6CC8900C9A20D /* Views */ = {
			isa = PBXGroup;
			children = (
				BF9E003329F6CDDE00C9A20D /* Main */,
			);
			path = Views;
			sourceTree = "<group>";
		};
		BF9E002B29F6CC9400C9A20D /* ViewModel */ = {
			isa = PBXGroup;
			children = (
				BFB9375929F7268D00B4DDE1 /* Main */,
			);
			path = ViewModel;
			sourceTree = "<group>";
		};
		BF9E002C29F6CC9C00C9A20D /* GeneralOps */ = {
			isa = PBXGroup;
			children = (
				BFB9375529F719A400B4DDE1 /* MapManager.swift */,
				BFB9375A29F726A200B4DDE1 /* MapRouter.swift */,
				BFB9374E29F708DE00B4DDE1 /* MapNetworkManager.swift */,
			);
			path = GeneralOps;
			sourceTree = "<group>";
		};
		BF9E002D29F6CCC500C9A20D /* NetworkOps */ = {
			isa = PBXGroup;
			children = (
				BFB9374A29F707BE00B4DDE1 /* StationsAPI.swift */,
				BFB9374C29F707D100B4DDE1 /* StationsAPIProvider.swift */,
			);
			path = NetworkOps;
			sourceTree = "<group>";
		};
		BF9E002E29F6CCCD00C9A20D /* Model */ = {
			isa = PBXGroup;
			children = (
				BF9E002F29F6CD8D00C9A20D /* Station.swift */,
				BF9E003129F6CDBA00C9A20D /* Trip.swift */,
			);
			path = Model;
			sourceTree = "<group>";
		};
		BF9E003329F6CDDE00C9A20D /* Main */ = {
			isa = PBXGroup;
			children = (
				BF7EE3C229F6990000BA77E6 /* MapViewController.swift */,
				BF9E002429F6CA6900C9A20D /* MapViewController+Setup.swift */,
				BF9E002629F6CA7400C9A20D /* MapViewController+Bindings.swift */,
				BF8E997B29F8663000D743B0 /* MapViewController+GMSHelpers.swift */,
				BF8E997D29F8671300D743B0 /* MapViewController+LocationHelpers.swift */,
			);
			path = Main;
			sourceTree = "<group>";
		};
		BF9E003429F6D09C00C9A20D /* Views */ = {
			isa = PBXGroup;
			children = (
				BF9E003829F6D0C400C9A20D /* Main */,
				BF9E003729F6D0BE00C9A20D /* Cells */,
			);
			path = Views;
			sourceTree = "<group>";
		};
		BF9E003529F6D0A600C9A20D /* ViewModel */ = {
			isa = PBXGroup;
			children = (
				BF9E003929F6D0CF00C9A20D /* Main */,
				BF9E003A29F6D0D700C9A20D /* Cells */,
			);
			path = ViewModel;
			sourceTree = "<group>";
		};
		BF9E003629F6D0AF00C9A20D /* GeneralOps */ = {
			isa = PBXGroup;
			children = (
				BFB9376229F72C8D00B4DDE1 /* TripListManager.swift */,
				BFB9376029F72C8400B4DDE1 /* TripListRouter.swift */,
				BF8E997929F84F5800D743B0 /* TripListParser.swift */,
				BFB9376429F72CA000B4DDE1 /* TripListNetworkManager.swift */,
			);
			path = GeneralOps;
			sourceTree = "<group>";
		};
		BF9E003729F6D0BE00C9A20D /* Cells */ = {
			isa = PBXGroup;
			children = (
				BFB9377129F738DF00B4DDE1 /* TripListBaseTableViewCell.swift */,
				BFB9377329F7390300B4DDE1 /* TripListTripCell.swift */,
				BFB9377429F7390300B4DDE1 /* TripListTripCell.xib */,
				BF05A14229F82F7200C681E6 /* TripListHeaderCell.swift */,
				BF05A14329F82F7200C681E6 /* TripListHeaderCell.xib */,
			);
			path = Cells;
			sourceTree = "<group>";
		};
		BF9E003829F6D0C400C9A20D /* Main */ = {
			isa = PBXGroup;
			children = (
				BF9E003B29F6D14B00C9A20D /* TripListViewController.swift */,
				BFB9376629F72FD500B4DDE1 /* TripListViewController+Setup.swift */,
				BFB9376829F72FEA00B4DDE1 /* TripListViewController+Bindings.swift */,
				BFB9376F29F7382A00B4DDE1 /* TripListViewController+TableViewDelegate.swift */,
				BFB9376D29F735B300B4DDE1 /* TripListDataSource.swift */,
			);
			path = Main;
			sourceTree = "<group>";
		};
		BF9E003929F6D0CF00C9A20D /* Main */ = {
			isa = PBXGroup;
			children = (
				BFB9375729F7266100B4DDE1 /* TripListMainViewModel.swift */,
				BFB9377729F73B7F00B4DDE1 /* TripListBaseCellViewModel.swift */,
			);
			path = Main;
			sourceTree = "<group>";
		};
		BF9E003A29F6D0D700C9A20D /* Cells */ = {
			isa = PBXGroup;
			children = (
				BFB9377929F73D2C00B4DDE1 /* TripListTripCellViewModel.swift */,
				BF8E997729F8464800D743B0 /* TripListHeaderCellViewModel.swift */,
			);
			path = Cells;
			sourceTree = "<group>";
		};
		BF9E003D29F6D19B00C9A20D /* Helpers */ = {
			isa = PBXGroup;
			children = (
				BF9E002829F6CAD000C9A20D /* TypeAliases.swift */,
				BF9E003E29F6D1A700C9A20D /* Constants.swift */,
			);
			path = Helpers;
			sourceTree = "<group>";
		};
		BFB9375029F7090B00B4DDE1 /* GeneralProtocols */ = {
			isa = PBXGroup;
			children = (
				BFB9375129F7091D00B4DDE1 /* BaseNetworkManagerProtocol.swift */,
				BFB9375C29F726DF00B4DDE1 /* BaseRouterProtocol.swift */,
			);
			path = GeneralProtocols;
			sourceTree = "<group>";
		};
		BFB9375929F7268D00B4DDE1 /* Main */ = {
			isa = PBXGroup;
			children = (
				BFB9375329F7185D00B4DDE1 /* MapMainViewModel.swift */,
			);
			path = Main;
			sourceTree = "<group>";
		};
		BFB9376A29F7325200B4DDE1 /* Model */ = {
			isa = PBXGroup;
			children = (
				BF167F4729F88E56002E6FB9 /* General */,
			);
			path = Model;
			sourceTree = "<group>";
		};
/* End PBXGroup section */

/* Begin PBXNativeTarget section */
		BF7EE3BA29F6990000BA77E6 /* Stations */ = {
			isa = PBXNativeTarget;
			buildConfigurationList = BF7EE3E529F6990100BA77E6 /* Build configuration list for PBXNativeTarget "Stations" */;
			buildPhases = (
				362A6AD8091D7A0686C35C2F /* [CP] Check Pods Manifest.lock */,
				BF7EE3B729F6990000BA77E6 /* Sources */,
				BF7EE3B829F6990000BA77E6 /* Frameworks */,
				BF7EE3B929F6990000BA77E6 /* Resources */,
				662A30F3633D6FF8838B47DC /* [CP] Embed Pods Frameworks */,
				308B5A47034E8E2EBD8AEC3A /* [CP] Copy Pods Resources */,
			);
			buildRules = (
			);
			dependencies = (
			);
			name = Stations;
			productName = Stations;
			productReference = BF7EE3BB29F6990000BA77E6 /* Stations.app */;
			productType = "com.apple.product-type.application";
		};
		BF7EE3D029F6990100BA77E6 /* StationsTests */ = {
			isa = PBXNativeTarget;
			buildConfigurationList = BF7EE3E829F6990100BA77E6 /* Build configuration list for PBXNativeTarget "StationsTests" */;
			buildPhases = (
				04BE38368290040BF67E76A8 /* [CP] Check Pods Manifest.lock */,
				BF7EE3CD29F6990100BA77E6 /* Sources */,
				BF7EE3CE29F6990100BA77E6 /* Frameworks */,
				BF7EE3CF29F6990100BA77E6 /* Resources */,
			);
			buildRules = (
			);
			dependencies = (
				BF7EE3D329F6990100BA77E6 /* PBXTargetDependency */,
			);
			name = StationsTests;
			productName = StationsTests;
			productReference = BF7EE3D129F6990100BA77E6 /* StationsTests.xctest */;
			productType = "com.apple.product-type.bundle.unit-test";
		};
		BF7EE3DA29F6990100BA77E6 /* StationsUITests */ = {
			isa = PBXNativeTarget;
			buildConfigurationList = BF7EE3EB29F6990100BA77E6 /* Build configuration list for PBXNativeTarget "StationsUITests" */;
			buildPhases = (
				EB84481771D51A560AB70BA9 /* [CP] Check Pods Manifest.lock */,
				BF7EE3D729F6990100BA77E6 /* Sources */,
				BF7EE3D829F6990100BA77E6 /* Frameworks */,
				BF7EE3D929F6990100BA77E6 /* Resources */,
				72E7AD42AEEAB9EB2764FBF9 /* [CP] Embed Pods Frameworks */,
				954CCC2A8B31E73A90E196DB /* [CP] Copy Pods Resources */,
			);
			buildRules = (
			);
			dependencies = (
				BF7EE3DD29F6990100BA77E6 /* PBXTargetDependency */,
			);
			name = StationsUITests;
			productName = StationsUITests;
			productReference = BF7EE3DB29F6990100BA77E6 /* StationsUITests.xctest */;
			productType = "com.apple.product-type.bundle.ui-testing";
		};
/* End PBXNativeTarget section */

/* Begin PBXProject section */
		BF7EE3B329F6990000BA77E6 /* Project object */ = {
			isa = PBXProject;
			attributes = {
				BuildIndependentTargetsInParallel = 1;
				LastSwiftUpdateCheck = 1430;
				LastUpgradeCheck = 1430;
				TargetAttributes = {
					BF7EE3BA29F6990000BA77E6 = {
						CreatedOnToolsVersion = 14.3;
					};
					BF7EE3D029F6990100BA77E6 = {
						CreatedOnToolsVersion = 14.3;
						TestTargetID = BF7EE3BA29F6990000BA77E6;
					};
					BF7EE3DA29F6990100BA77E6 = {
						CreatedOnToolsVersion = 14.3;
						TestTargetID = BF7EE3BA29F6990000BA77E6;
					};
				};
			};
			buildConfigurationList = BF7EE3B629F6990000BA77E6 /* Build configuration list for PBXProject "Stations" */;
			compatibilityVersion = "Xcode 13.0";
			developmentRegion = en;
			hasScannedForEncodings = 0;
			knownRegions = (
				en,
				Base,
			);
			mainGroup = BF7EE3B229F6990000BA77E6;
			productRefGroup = BF7EE3BC29F6990000BA77E6 /* Products */;
			projectDirPath = "";
			projectRoot = "";
			targets = (
				BF7EE3BA29F6990000BA77E6 /* Stations */,
				BF7EE3D029F6990100BA77E6 /* StationsTests */,
				BF7EE3DA29F6990100BA77E6 /* StationsUITests */,
			);
		};
/* End PBXProject section */

/* Begin PBXResourcesBuildPhase section */
		BF7EE3B929F6990000BA77E6 /* Resources */ = {
			isa = PBXResourcesBuildPhase;
			buildActionMask = 2147483647;
			files = (
				BF7EE3CB29F6990100BA77E6 /* LaunchScreen.storyboard in Resources */,
				BFB9377629F7390300B4DDE1 /* TripListTripCell.xib in Resources */,
				BF7EE3C829F6990100BA77E6 /* Assets.xcassets in Resources */,
				BF05A14529F82F7200C681E6 /* TripListHeaderCell.xib in Resources */,
				BF05A14129F820BD00C681E6 /* MapStyle.json in Resources */,
			);
			runOnlyForDeploymentPostprocessing = 0;
		};
		BF7EE3CF29F6990100BA77E6 /* Resources */ = {
			isa = PBXResourcesBuildPhase;
			buildActionMask = 2147483647;
			files = (
			);
			runOnlyForDeploymentPostprocessing = 0;
		};
		BF7EE3D929F6990100BA77E6 /* Resources */ = {
			isa = PBXResourcesBuildPhase;
			buildActionMask = 2147483647;
			files = (
			);
			runOnlyForDeploymentPostprocessing = 0;
		};
/* End PBXResourcesBuildPhase section */

/* Begin PBXShellScriptBuildPhase section */
		04BE38368290040BF67E76A8 /* [CP] Check Pods Manifest.lock */ = {
			isa = PBXShellScriptBuildPhase;
			buildActionMask = 2147483647;
			files = (
			);
			inputFileListPaths = (
			);
			inputPaths = (
				"${PODS_PODFILE_DIR_PATH}/Podfile.lock",
				"${PODS_ROOT}/Manifest.lock",
			);
			name = "[CP] Check Pods Manifest.lock";
			outputFileListPaths = (
			);
			outputPaths = (
				"$(DERIVED_FILE_DIR)/Pods-StationsTests-checkManifestLockResult.txt",
			);
			runOnlyForDeploymentPostprocessing = 0;
			shellPath = /bin/sh;
			shellScript = "diff \"${PODS_PODFILE_DIR_PATH}/Podfile.lock\" \"${PODS_ROOT}/Manifest.lock\" > /dev/null\nif [ $? != 0 ] ; then\n    # print error to STDERR\n    echo \"error: The sandbox is not in sync with the Podfile.lock. Run 'pod install' or update your CocoaPods installation.\" >&2\n    exit 1\nfi\n# This output is used by Xcode 'outputs' to avoid re-running this script phase.\necho \"SUCCESS\" > \"${SCRIPT_OUTPUT_FILE_0}\"\n";
			showEnvVarsInLog = 0;
		};
		308B5A47034E8E2EBD8AEC3A /* [CP] Copy Pods Resources */ = {
			isa = PBXShellScriptBuildPhase;
			buildActionMask = 2147483647;
			files = (
			);
			inputFileListPaths = (
				"${PODS_ROOT}/Target Support Files/Pods-Stations/Pods-Stations-resources-${CONFIGURATION}-input-files.xcfilelist",
			);
			name = "[CP] Copy Pods Resources";
			outputFileListPaths = (
				"${PODS_ROOT}/Target Support Files/Pods-Stations/Pods-Stations-resources-${CONFIGURATION}-output-files.xcfilelist",
			);
			runOnlyForDeploymentPostprocessing = 0;
			shellPath = /bin/sh;
			shellScript = "\"${PODS_ROOT}/Target Support Files/Pods-Stations/Pods-Stations-resources.sh\"\n";
			showEnvVarsInLog = 0;
		};
		362A6AD8091D7A0686C35C2F /* [CP] Check Pods Manifest.lock */ = {
			isa = PBXShellScriptBuildPhase;
			buildActionMask = 2147483647;
			files = (
			);
			inputFileListPaths = (
			);
			inputPaths = (
				"${PODS_PODFILE_DIR_PATH}/Podfile.lock",
				"${PODS_ROOT}/Manifest.lock",
			);
			name = "[CP] Check Pods Manifest.lock";
			outputFileListPaths = (
			);
			outputPaths = (
				"$(DERIVED_FILE_DIR)/Pods-Stations-checkManifestLockResult.txt",
			);
			runOnlyForDeploymentPostprocessing = 0;
			shellPath = /bin/sh;
			shellScript = "diff \"${PODS_PODFILE_DIR_PATH}/Podfile.lock\" \"${PODS_ROOT}/Manifest.lock\" > /dev/null\nif [ $? != 0 ] ; then\n    # print error to STDERR\n    echo \"error: The sandbox is not in sync with the Podfile.lock. Run 'pod install' or update your CocoaPods installation.\" >&2\n    exit 1\nfi\n# This output is used by Xcode 'outputs' to avoid re-running this script phase.\necho \"SUCCESS\" > \"${SCRIPT_OUTPUT_FILE_0}\"\n";
			showEnvVarsInLog = 0;
		};
		662A30F3633D6FF8838B47DC /* [CP] Embed Pods Frameworks */ = {
			isa = PBXShellScriptBuildPhase;
			buildActionMask = 2147483647;
			files = (
			);
			inputFileListPaths = (
				"${PODS_ROOT}/Target Support Files/Pods-Stations/Pods-Stations-frameworks-${CONFIGURATION}-input-files.xcfilelist",
			);
			name = "[CP] Embed Pods Frameworks";
			outputFileListPaths = (
				"${PODS_ROOT}/Target Support Files/Pods-Stations/Pods-Stations-frameworks-${CONFIGURATION}-output-files.xcfilelist",
			);
			runOnlyForDeploymentPostprocessing = 0;
			shellPath = /bin/sh;
			shellScript = "\"${PODS_ROOT}/Target Support Files/Pods-Stations/Pods-Stations-frameworks.sh\"\n";
			showEnvVarsInLog = 0;
		};
		72E7AD42AEEAB9EB2764FBF9 /* [CP] Embed Pods Frameworks */ = {
			isa = PBXShellScriptBuildPhase;
			buildActionMask = 2147483647;
			files = (
			);
			inputFileListPaths = (
				"${PODS_ROOT}/Target Support Files/Pods-Stations-StationsUITests/Pods-Stations-StationsUITests-frameworks-${CONFIGURATION}-input-files.xcfilelist",
			);
			name = "[CP] Embed Pods Frameworks";
			outputFileListPaths = (
				"${PODS_ROOT}/Target Support Files/Pods-Stations-StationsUITests/Pods-Stations-StationsUITests-frameworks-${CONFIGURATION}-output-files.xcfilelist",
			);
			runOnlyForDeploymentPostprocessing = 0;
			shellPath = /bin/sh;
			shellScript = "\"${PODS_ROOT}/Target Support Files/Pods-Stations-StationsUITests/Pods-Stations-StationsUITests-frameworks.sh\"\n";
			showEnvVarsInLog = 0;
		};
		954CCC2A8B31E73A90E196DB /* [CP] Copy Pods Resources */ = {
			isa = PBXShellScriptBuildPhase;
			buildActionMask = 2147483647;
			files = (
			);
			inputFileListPaths = (
				"${PODS_ROOT}/Target Support Files/Pods-Stations-StationsUITests/Pods-Stations-StationsUITests-resources-${CONFIGURATION}-input-files.xcfilelist",
			);
			name = "[CP] Copy Pods Resources";
			outputFileListPaths = (
				"${PODS_ROOT}/Target Support Files/Pods-Stations-StationsUITests/Pods-Stations-StationsUITests-resources-${CONFIGURATION}-output-files.xcfilelist",
			);
			runOnlyForDeploymentPostprocessing = 0;
			shellPath = /bin/sh;
			shellScript = "\"${PODS_ROOT}/Target Support Files/Pods-Stations-StationsUITests/Pods-Stations-StationsUITests-resources.sh\"\n";
			showEnvVarsInLog = 0;
		};
		EB84481771D51A560AB70BA9 /* [CP] Check Pods Manifest.lock */ = {
			isa = PBXShellScriptBuildPhase;
			buildActionMask = 2147483647;
			files = (
			);
			inputFileListPaths = (
			);
			inputPaths = (
				"${PODS_PODFILE_DIR_PATH}/Podfile.lock",
				"${PODS_ROOT}/Manifest.lock",
			);
			name = "[CP] Check Pods Manifest.lock";
			outputFileListPaths = (
			);
			outputPaths = (
				"$(DERIVED_FILE_DIR)/Pods-Stations-StationsUITests-checkManifestLockResult.txt",
			);
			runOnlyForDeploymentPostprocessing = 0;
			shellPath = /bin/sh;
			shellScript = "diff \"${PODS_PODFILE_DIR_PATH}/Podfile.lock\" \"${PODS_ROOT}/Manifest.lock\" > /dev/null\nif [ $? != 0 ] ; then\n    # print error to STDERR\n    echo \"error: The sandbox is not in sync with the Podfile.lock. Run 'pod install' or update your CocoaPods installation.\" >&2\n    exit 1\nfi\n# This output is used by Xcode 'outputs' to avoid re-running this script phase.\necho \"SUCCESS\" > \"${SCRIPT_OUTPUT_FILE_0}\"\n";
			showEnvVarsInLog = 0;
		};
/* End PBXShellScriptBuildPhase section */

/* Begin PBXSourcesBuildPhase section */
		BF7EE3B729F6990000BA77E6 /* Sources */ = {
			isa = PBXSourcesBuildPhase;
			buildActionMask = 2147483647;
			files = (
				BF9E003229F6CDBA00C9A20D /* Trip.swift in Sources */,
				BFB9375D29F726DF00B4DDE1 /* BaseRouterProtocol.swift in Sources */,
				BFB9377529F7390300B4DDE1 /* TripListTripCell.swift in Sources */,
				BF8E997C29F8663000D743B0 /* MapViewController+GMSHelpers.swift in Sources */,
				BFB9374F29F708DE00B4DDE1 /* MapNetworkManager.swift in Sources */,
				BFB9376129F72C8400B4DDE1 /* TripListRouter.swift in Sources */,
				BFB9375829F7266100B4DDE1 /* TripListMainViewModel.swift in Sources */,
				BFB9375F29F7275000B4DDE1 /* BaseRouter.swift in Sources */,
				BFB9375629F719A400B4DDE1 /* MapManager.swift in Sources */,
				BFB9377829F73B7F00B4DDE1 /* TripListBaseCellViewModel.swift in Sources */,
				BFB9377029F7382A00B4DDE1 /* TripListViewController+TableViewDelegate.swift in Sources */,
				BFB9376729F72FD500B4DDE1 /* TripListViewController+Setup.swift in Sources */,
				BFB9376929F72FEA00B4DDE1 /* TripListViewController+Bindings.swift in Sources */,
				BFB9376E29F735B300B4DDE1 /* TripListDataSource.swift in Sources */,
				BF9E002129F6C93100C9A20D /* CustomAlertView.swift in Sources */,
				BF7EE3C329F6990000BA77E6 /* MapViewController.swift in Sources */,
				BFB9377A29F73D2C00B4DDE1 /* TripListTripCellViewModel.swift in Sources */,
				BFB9375429F7185D00B4DDE1 /* MapMainViewModel.swift in Sources */,
				BF9E002329F6C95F00C9A20D /* AlertItem.swift in Sources */,
				BFB9376329F72C8D00B4DDE1 /* TripListManager.swift in Sources */,
				BF9E002929F6CAD000C9A20D /* TypeAliases.swift in Sources */,
				BF9E002529F6CA6900C9A20D /* MapViewController+Setup.swift in Sources */,
				BF05A14429F82F7200C681E6 /* TripListHeaderCell.swift in Sources */,
				BF7EE3BF29F6990000BA77E6 /* AppDelegate.swift in Sources */,
				BFB9377229F738DF00B4DDE1 /* TripListBaseTableViewCell.swift in Sources */,
				BF9E003F29F6D1A700C9A20D /* Constants.swift in Sources */,
				BFB9375B29F726A200B4DDE1 /* MapRouter.swift in Sources */,
				BF9E003029F6CD8D00C9A20D /* Station.swift in Sources */,
				BFB9374B29F707BE00B4DDE1 /* StationsAPI.swift in Sources */,
				BFB9376529F72CA000B4DDE1 /* TripListNetworkManager.swift in Sources */,
				BF7EE3C129F6990000BA77E6 /* SceneDelegate.swift in Sources */,
				BF8E997A29F84F5800D743B0 /* TripListParser.swift in Sources */,
				BFB9374D29F707D100B4DDE1 /* StationsAPIProvider.swift in Sources */,
				BF9E003C29F6D14B00C9A20D /* TripListViewController.swift in Sources */,
				BF9E002729F6CA7400C9A20D /* MapViewController+Bindings.swift in Sources */,
				BF7EE3EF29F6AA0D00BA77E6 /* ViewControllerMaker.swift in Sources */,
				BF8E997E29F8671300D743B0 /* MapViewController+LocationHelpers.swift in Sources */,
				BFB9375229F7091D00B4DDE1 /* BaseNetworkManagerProtocol.swift in Sources */,
				BF8E997829F8464800D743B0 /* TripListHeaderCellViewModel.swift in Sources */,
				BFB9376C29F7325C00B4DDE1 /* TripListCellType.swift in Sources */,
			);
			runOnlyForDeploymentPostprocessing = 0;
		};
		BF7EE3CD29F6990100BA77E6 /* Sources */ = {
			isa = PBXSourcesBuildPhase;
			buildActionMask = 2147483647;
			files = (
				BF7EE3D629F6990100BA77E6 /* StationsTests.swift in Sources */,
			);
			runOnlyForDeploymentPostprocessing = 0;
		};
		BF7EE3D729F6990100BA77E6 /* Sources */ = {
			isa = PBXSourcesBuildPhase;
			buildActionMask = 2147483647;
			files = (
				BF7EE3E229F6990100BA77E6 /* StationsUITestsLaunchTests.swift in Sources */,
				BF7EE3E029F6990100BA77E6 /* StationsUITests.swift in Sources */,
			);
			runOnlyForDeploymentPostprocessing = 0;
		};
/* End PBXSourcesBuildPhase section */

/* Begin PBXTargetDependency section */
		BF7EE3D329F6990100BA77E6 /* PBXTargetDependency */ = {
			isa = PBXTargetDependency;
			target = BF7EE3BA29F6990000BA77E6 /* Stations */;
			targetProxy = BF7EE3D229F6990100BA77E6 /* PBXContainerItemProxy */;
		};
		BF7EE3DD29F6990100BA77E6 /* PBXTargetDependency */ = {
			isa = PBXTargetDependency;
			target = BF7EE3BA29F6990000BA77E6 /* Stations */;
			targetProxy = BF7EE3DC29F6990100BA77E6 /* PBXContainerItemProxy */;
		};
/* End PBXTargetDependency section */

/* Begin PBXVariantGroup section */
		BF7EE3C929F6990100BA77E6 /* LaunchScreen.storyboard */ = {
			isa = PBXVariantGroup;
			children = (
				BF7EE3CA29F6990100BA77E6 /* Base */,
			);
			name = LaunchScreen.storyboard;
			sourceTree = "<group>";
		};
/* End PBXVariantGroup section */

/* Begin XCBuildConfiguration section */
		BF7EE3E329F6990100BA77E6 /* Debug */ = {
			isa = XCBuildConfiguration;
			buildSettings = {
				ALWAYS_SEARCH_USER_PATHS = NO;
				CLANG_ANALYZER_NONNULL = YES;
				CLANG_ANALYZER_NUMBER_OBJECT_CONVERSION = YES_AGGRESSIVE;
				CLANG_CXX_LANGUAGE_STANDARD = "gnu++20";
				CLANG_ENABLE_MODULES = YES;
				CLANG_ENABLE_OBJC_ARC = YES;
				CLANG_ENABLE_OBJC_WEAK = YES;
				CLANG_WARN_BLOCK_CAPTURE_AUTORELEASING = YES;
				CLANG_WARN_BOOL_CONVERSION = YES;
				CLANG_WARN_COMMA = YES;
				CLANG_WARN_CONSTANT_CONVERSION = YES;
				CLANG_WARN_DEPRECATED_OBJC_IMPLEMENTATIONS = YES;
				CLANG_WARN_DIRECT_OBJC_ISA_USAGE = YES_ERROR;
				CLANG_WARN_DOCUMENTATION_COMMENTS = YES;
				CLANG_WARN_EMPTY_BODY = YES;
				CLANG_WARN_ENUM_CONVERSION = YES;
				CLANG_WARN_INFINITE_RECURSION = YES;
				CLANG_WARN_INT_CONVERSION = YES;
				CLANG_WARN_NON_LITERAL_NULL_CONVERSION = YES;
				CLANG_WARN_OBJC_IMPLICIT_RETAIN_SELF = YES;
				CLANG_WARN_OBJC_LITERAL_CONVERSION = YES;
				CLANG_WARN_OBJC_ROOT_CLASS = YES_ERROR;
				CLANG_WARN_QUOTED_INCLUDE_IN_FRAMEWORK_HEADER = YES;
				CLANG_WARN_RANGE_LOOP_ANALYSIS = YES;
				CLANG_WARN_STRICT_PROTOTYPES = YES;
				CLANG_WARN_SUSPICIOUS_MOVE = YES;
				CLANG_WARN_UNGUARDED_AVAILABILITY = YES_AGGRESSIVE;
				CLANG_WARN_UNREACHABLE_CODE = YES;
				CLANG_WARN__DUPLICATE_METHOD_MATCH = YES;
				COPY_PHASE_STRIP = NO;
				DEBUG_INFORMATION_FORMAT = dwarf;
				ENABLE_STRICT_OBJC_MSGSEND = YES;
				ENABLE_TESTABILITY = YES;
				GCC_C_LANGUAGE_STANDARD = gnu11;
				GCC_DYNAMIC_NO_PIC = NO;
				GCC_NO_COMMON_BLOCKS = YES;
				GCC_OPTIMIZATION_LEVEL = 0;
				GCC_PREPROCESSOR_DEFINITIONS = (
					"DEBUG=1",
					"$(inherited)",
				);
				GCC_WARN_64_TO_32_BIT_CONVERSION = YES;
				GCC_WARN_ABOUT_RETURN_TYPE = YES_ERROR;
				GCC_WARN_UNDECLARED_SELECTOR = YES;
				GCC_WARN_UNINITIALIZED_AUTOS = YES_AGGRESSIVE;
				GCC_WARN_UNUSED_FUNCTION = YES;
				GCC_WARN_UNUSED_VARIABLE = YES;
				IPHONEOS_DEPLOYMENT_TARGET = 16.0;
				MTL_ENABLE_DEBUG_INFO = INCLUDE_SOURCE;
				MTL_FAST_MATH = YES;
				ONLY_ACTIVE_ARCH = YES;
				SDKROOT = iphoneos;
				SWIFT_ACTIVE_COMPILATION_CONDITIONS = DEBUG;
				SWIFT_OPTIMIZATION_LEVEL = "-Onone";
			};
			name = Debug;
		};
		BF7EE3E429F6990100BA77E6 /* Release */ = {
			isa = XCBuildConfiguration;
			buildSettings = {
				ALWAYS_SEARCH_USER_PATHS = NO;
				CLANG_ANALYZER_NONNULL = YES;
				CLANG_ANALYZER_NUMBER_OBJECT_CONVERSION = YES_AGGRESSIVE;
				CLANG_CXX_LANGUAGE_STANDARD = "gnu++20";
				CLANG_ENABLE_MODULES = YES;
				CLANG_ENABLE_OBJC_ARC = YES;
				CLANG_ENABLE_OBJC_WEAK = YES;
				CLANG_WARN_BLOCK_CAPTURE_AUTORELEASING = YES;
				CLANG_WARN_BOOL_CONVERSION = YES;
				CLANG_WARN_COMMA = YES;
				CLANG_WARN_CONSTANT_CONVERSION = YES;
				CLANG_WARN_DEPRECATED_OBJC_IMPLEMENTATIONS = YES;
				CLANG_WARN_DIRECT_OBJC_ISA_USAGE = YES_ERROR;
				CLANG_WARN_DOCUMENTATION_COMMENTS = YES;
				CLANG_WARN_EMPTY_BODY = YES;
				CLANG_WARN_ENUM_CONVERSION = YES;
				CLANG_WARN_INFINITE_RECURSION = YES;
				CLANG_WARN_INT_CONVERSION = YES;
				CLANG_WARN_NON_LITERAL_NULL_CONVERSION = YES;
				CLANG_WARN_OBJC_IMPLICIT_RETAIN_SELF = YES;
				CLANG_WARN_OBJC_LITERAL_CONVERSION = YES;
				CLANG_WARN_OBJC_ROOT_CLASS = YES_ERROR;
				CLANG_WARN_QUOTED_INCLUDE_IN_FRAMEWORK_HEADER = YES;
				CLANG_WARN_RANGE_LOOP_ANALYSIS = YES;
				CLANG_WARN_STRICT_PROTOTYPES = YES;
				CLANG_WARN_SUSPICIOUS_MOVE = YES;
				CLANG_WARN_UNGUARDED_AVAILABILITY = YES_AGGRESSIVE;
				CLANG_WARN_UNREACHABLE_CODE = YES;
				CLANG_WARN__DUPLICATE_METHOD_MATCH = YES;
				COPY_PHASE_STRIP = NO;
				DEBUG_INFORMATION_FORMAT = "dwarf-with-dsym";
				ENABLE_NS_ASSERTIONS = NO;
				ENABLE_STRICT_OBJC_MSGSEND = YES;
				GCC_C_LANGUAGE_STANDARD = gnu11;
				GCC_NO_COMMON_BLOCKS = YES;
				GCC_WARN_64_TO_32_BIT_CONVERSION = YES;
				GCC_WARN_ABOUT_RETURN_TYPE = YES_ERROR;
				GCC_WARN_UNDECLARED_SELECTOR = YES;
				GCC_WARN_UNINITIALIZED_AUTOS = YES_AGGRESSIVE;
				GCC_WARN_UNUSED_FUNCTION = YES;
				GCC_WARN_UNUSED_VARIABLE = YES;
				IPHONEOS_DEPLOYMENT_TARGET = 16.0;
				MTL_ENABLE_DEBUG_INFO = NO;
				MTL_FAST_MATH = YES;
				SDKROOT = iphoneos;
				SWIFT_COMPILATION_MODE = wholemodule;
				SWIFT_OPTIMIZATION_LEVEL = "-O";
				VALIDATE_PRODUCT = YES;
			};
			name = Release;
		};
		BF7EE3E629F6990100BA77E6 /* Debug */ = {
			isa = XCBuildConfiguration;
			baseConfigurationReference = E905922840762802173DCC41 /* Pods-Stations.debug.xcconfig */;
			buildSettings = {
				ASSETCATALOG_COMPILER_APPICON_NAME = AppIcon;
				ASSETCATALOG_COMPILER_GLOBAL_ACCENT_COLOR_NAME = AccentColor;
				CODE_SIGN_STYLE = Automatic;
				CURRENT_PROJECT_VERSION = 1;
				DEVELOPMENT_TEAM = NVAL38CUS8;
				GENERATE_INFOPLIST_FILE = YES;
				INFOPLIST_FILE = Stations/Info.plist;
				INFOPLIST_KEY_NSLocationWhenInUseUsageDescription = "Accessing your location helps us find stations near you.";
				INFOPLIST_KEY_UIApplicationSupportsIndirectInputEvents = YES;
				INFOPLIST_KEY_UILaunchStoryboardName = LaunchScreen;
				INFOPLIST_KEY_UISupportedInterfaceOrientations = UIInterfaceOrientationPortrait;
				INFOPLIST_KEY_UISupportedInterfaceOrientations_iPad = "UIInterfaceOrientationLandscapeLeft UIInterfaceOrientationLandscapeRight UIInterfaceOrientationPortrait UIInterfaceOrientationPortraitUpsideDown";
				INFOPLIST_KEY_UIUserInterfaceStyle = Light;
				IPHONEOS_DEPLOYMENT_TARGET = 16.0;
				LD_RUNPATH_SEARCH_PATHS = (
					"$(inherited)",
					"@executable_path/Frameworks",
				);
				MARKETING_VERSION = 1.0;
				PRODUCT_BUNDLE_IDENTIFIER = com.hasanaygunoglu.Stations;
				PRODUCT_NAME = "$(TARGET_NAME)";
				SWIFT_EMIT_LOC_STRINGS = YES;
				SWIFT_VERSION = 5.0;
				TARGETED_DEVICE_FAMILY = "1,2";
			};
			name = Debug;
		};
		BF7EE3E729F6990100BA77E6 /* Release */ = {
			isa = XCBuildConfiguration;
			baseConfigurationReference = 48B01A83B00E18C49E47125E /* Pods-Stations.release.xcconfig */;
			buildSettings = {
				ASSETCATALOG_COMPILER_APPICON_NAME = AppIcon;
				ASSETCATALOG_COMPILER_GLOBAL_ACCENT_COLOR_NAME = AccentColor;
				CODE_SIGN_STYLE = Automatic;
				CURRENT_PROJECT_VERSION = 1;
				DEVELOPMENT_TEAM = NVAL38CUS8;
				GENERATE_INFOPLIST_FILE = YES;
				INFOPLIST_FILE = Stations/Info.plist;
				INFOPLIST_KEY_NSLocationWhenInUseUsageDescription = "Accessing your location helps us find stations near you.";
				INFOPLIST_KEY_UIApplicationSupportsIndirectInputEvents = YES;
				INFOPLIST_KEY_UILaunchStoryboardName = LaunchScreen;
				INFOPLIST_KEY_UISupportedInterfaceOrientations = UIInterfaceOrientationPortrait;
				INFOPLIST_KEY_UISupportedInterfaceOrientations_iPad = "UIInterfaceOrientationLandscapeLeft UIInterfaceOrientationLandscapeRight UIInterfaceOrientationPortrait UIInterfaceOrientationPortraitUpsideDown";
				INFOPLIST_KEY_UIUserInterfaceStyle = Light;
				IPHONEOS_DEPLOYMENT_TARGET = 16.0;
				LD_RUNPATH_SEARCH_PATHS = (
					"$(inherited)",
					"@executable_path/Frameworks",
				);
				MARKETING_VERSION = 1.0;
				PRODUCT_BUNDLE_IDENTIFIER = com.hasanaygunoglu.Stations;
				PRODUCT_NAME = "$(TARGET_NAME)";
				SWIFT_EMIT_LOC_STRINGS = YES;
				SWIFT_VERSION = 5.0;
				TARGETED_DEVICE_FAMILY = "1,2";
			};
			name = Release;
		};
		BF7EE3E929F6990100BA77E6 /* Debug */ = {
			isa = XCBuildConfiguration;
			baseConfigurationReference = BF574B15ED5D38ADC008CCD1 /* Pods-StationsTests.debug.xcconfig */;
			buildSettings = {
				ALWAYS_EMBED_SWIFT_STANDARD_LIBRARIES = YES;
				BUNDLE_LOADER = "$(TEST_HOST)";
				CODE_SIGN_STYLE = Automatic;
				CURRENT_PROJECT_VERSION = 1;
				DEVELOPMENT_TEAM = NVAL38CUS8;
				GENERATE_INFOPLIST_FILE = YES;
				IPHONEOS_DEPLOYMENT_TARGET = 16.0;
				MARKETING_VERSION = 1.0;
				PRODUCT_BUNDLE_IDENTIFIER = com.hasanaygunoglu.StationsTests;
				PRODUCT_NAME = "$(TARGET_NAME)";
				SWIFT_EMIT_LOC_STRINGS = NO;
				SWIFT_VERSION = 5.0;
				TARGETED_DEVICE_FAMILY = "1,2";
				TEST_HOST = "$(BUILT_PRODUCTS_DIR)/Stations.app/$(BUNDLE_EXECUTABLE_FOLDER_PATH)/Stations";
			};
			name = Debug;
		};
		BF7EE3EA29F6990100BA77E6 /* Release */ = {
			isa = XCBuildConfiguration;
			baseConfigurationReference = 1F14DA8E25A8896B79D608DC /* Pods-StationsTests.release.xcconfig */;
			buildSettings = {
				ALWAYS_EMBED_SWIFT_STANDARD_LIBRARIES = YES;
				BUNDLE_LOADER = "$(TEST_HOST)";
				CODE_SIGN_STYLE = Automatic;
				CURRENT_PROJECT_VERSION = 1;
				DEVELOPMENT_TEAM = NVAL38CUS8;
				GENERATE_INFOPLIST_FILE = YES;
				IPHONEOS_DEPLOYMENT_TARGET = 16.0;
				MARKETING_VERSION = 1.0;
				PRODUCT_BUNDLE_IDENTIFIER = com.hasanaygunoglu.StationsTests;
				PRODUCT_NAME = "$(TARGET_NAME)";
				SWIFT_EMIT_LOC_STRINGS = NO;
				SWIFT_VERSION = 5.0;
				TARGETED_DEVICE_FAMILY = "1,2";
				TEST_HOST = "$(BUILT_PRODUCTS_DIR)/Stations.app/$(BUNDLE_EXECUTABLE_FOLDER_PATH)/Stations";
			};
			name = Release;
		};
		BF7EE3EC29F6990100BA77E6 /* Debug */ = {
			isa = XCBuildConfiguration;
			baseConfigurationReference = 051184D6A7B96DBC07DBA9BF /* Pods-Stations-StationsUITests.debug.xcconfig */;
			buildSettings = {
				ALWAYS_EMBED_SWIFT_STANDARD_LIBRARIES = YES;
				CODE_SIGN_STYLE = Automatic;
				CURRENT_PROJECT_VERSION = 1;
				DEVELOPMENT_TEAM = NVAL38CUS8;
				GENERATE_INFOPLIST_FILE = YES;
				MARKETING_VERSION = 1.0;
				PRODUCT_BUNDLE_IDENTIFIER = com.hasanaygunoglu.StationsUITests;
				PRODUCT_NAME = "$(TARGET_NAME)";
				SWIFT_EMIT_LOC_STRINGS = NO;
				SWIFT_VERSION = 5.0;
				TARGETED_DEVICE_FAMILY = "1,2";
				TEST_TARGET_NAME = Stations;
			};
			name = Debug;
		};
		BF7EE3ED29F6990100BA77E6 /* Release */ = {
			isa = XCBuildConfiguration;
			baseConfigurationReference = 6986A80314C6249877C13B25 /* Pods-Stations-StationsUITests.release.xcconfig */;
			buildSettings = {
				ALWAYS_EMBED_SWIFT_STANDARD_LIBRARIES = YES;
				CODE_SIGN_STYLE = Automatic;
				CURRENT_PROJECT_VERSION = 1;
				DEVELOPMENT_TEAM = NVAL38CUS8;
				GENERATE_INFOPLIST_FILE = YES;
				MARKETING_VERSION = 1.0;
				PRODUCT_BUNDLE_IDENTIFIER = com.hasanaygunoglu.StationsUITests;
				PRODUCT_NAME = "$(TARGET_NAME)";
				SWIFT_EMIT_LOC_STRINGS = NO;
				SWIFT_VERSION = 5.0;
				TARGETED_DEVICE_FAMILY = "1,2";
				TEST_TARGET_NAME = Stations;
			};
			name = Release;
		};
/* End XCBuildConfiguration section */

/* Begin XCConfigurationList section */
		BF7EE3B629F6990000BA77E6 /* Build configuration list for PBXProject "Stations" */ = {
			isa = XCConfigurationList;
			buildConfigurations = (
				BF7EE3E329F6990100BA77E6 /* Debug */,
				BF7EE3E429F6990100BA77E6 /* Release */,
			);
			defaultConfigurationIsVisible = 0;
			defaultConfigurationName = Release;
		};
		BF7EE3E529F6990100BA77E6 /* Build configuration list for PBXNativeTarget "Stations" */ = {
			isa = XCConfigurationList;
			buildConfigurations = (
				BF7EE3E629F6990100BA77E6 /* Debug */,
				BF7EE3E729F6990100BA77E6 /* Release */,
			);
			defaultConfigurationIsVisible = 0;
			defaultConfigurationName = Release;
		};
		BF7EE3E829F6990100BA77E6 /* Build configuration list for PBXNativeTarget "StationsTests" */ = {
			isa = XCConfigurationList;
			buildConfigurations = (
				BF7EE3E929F6990100BA77E6 /* Debug */,
				BF7EE3EA29F6990100BA77E6 /* Release */,
			);
			defaultConfigurationIsVisible = 0;
			defaultConfigurationName = Release;
		};
		BF7EE3EB29F6990100BA77E6 /* Build configuration list for PBXNativeTarget "StationsUITests" */ = {
			isa = XCConfigurationList;
			buildConfigurations = (
				BF7EE3EC29F6990100BA77E6 /* Debug */,
				BF7EE3ED29F6990100BA77E6 /* Release */,
			);
			defaultConfigurationIsVisible = 0;
			defaultConfigurationName = Release;
		};
/* End XCConfigurationList section */
	};
	rootObject = BF7EE3B329F6990000BA77E6 /* Project object */;
}
